Microsoft Visual Studio Solution File, Format Version 11.00
# Visual Studio 2008

Project("{257E8677-EAF0-92AA-0164-6BFB6875593B}") = "SaVR", "Assembly-CSharp-firstpass.csproj", "{2A810254-D387-BAAF-6751-DEBF2871625A}"
EndProject
Project("{257E8677-EAF0-92AA-0164-6BFB6875593B}") = "SaVR", "Assembly-CSharp.csproj", "{24D48D5F-3018-9A1C-EEB0-32210D3473E1}"
EndProject
Project("{257E8677-EAF0-92AA-0164-6BFB6875593B}") = "SaVR", "Assembly-CSharp-Editor.csproj", "{F48EB61C-1D6F-BD7E-7B44-D8E1936B9CFD}"
EndProject
Global
	GlobalSection(SolutionConfigurationPlatforms) = preSolution
		Debug|Any CPU = Debug|Any CPU
		Release|Any CPU = Release|Any CPU
	EndGlobalSection
	GlobalSection(ProjectConfigurationPlatforms) = postSolution
		{2A810254-D387-BAAF-6751-DEBF2871625A}.Debug|Any CPU.ActiveCfg = Debug|Any CPU
		{2A810254-D387-BAAF-6751-DEBF2871625A}.Debug|Any CPU.Build.0 = Debug|Any CPU
		{2A810254-D387-BAAF-6751-DEBF2871625A}.Release|Any CPU.ActiveCfg = Release|Any CPU
		{2A810254-D387-BAAF-6751-DEBF2871625A}.Release|Any CPU.Build.0 = Release|Any CPU
		{24D48D5F-3018-9A1C-EEB0-32210D3473E1}.Debug|Any CPU.ActiveCfg = Debug|Any CPU
		{24D48D5F-3018-9A1C-EEB0-32210D3473E1}.Debug|Any CPU.Build.0 = Debug|Any CPU
		{24D48D5F-3018-9A1C-EEB0-32210D3473E1}.Release|Any CPU.ActiveCfg = Release|Any CPU
		{24D48D5F-3018-9A1C-EEB0-32210D3473E1}.Release|Any CPU.Build.0 = Release|Any CPU
		{F48EB61C-1D6F-BD7E-7B44-D8E1936B9CFD}.Debug|Any CPU.ActiveCfg = Debug|Any CPU
		{F48EB61C-1D6F-BD7E-7B44-D8E1936B9CFD}.Debug|Any CPU.Build.0 = Debug|Any CPU
		{F48EB61C-1D6F-BD7E-7B44-D8E1936B9CFD}.Release|Any CPU.ActiveCfg = Release|Any CPU
		{F48EB61C-1D6F-BD7E-7B44-D8E1936B9CFD}.Release|Any CPU.Build.0 = Release|Any CPU
	EndGlobalSection
	GlobalSection(SolutionProperties) = preSolution
		HideSolutionNode = FALSE
	EndGlobalSection
	GlobalSection(MonoDevelopProperties) = preSolution
		StartupItem = Assembly-CSharp.csproj
	EndGlobalSection
EndGlobal
